
Microsoft Visual Studio Solution File, Format Version 12.00
# Visual Studio Version 17
VisualStudioVersion = 17.6.33829.357
MinimumVisualStudioVersion = 10.0.40219.1
Project("{9A19103F-16F7-4668-BE54-9A1E7A4F7556}") = "CourseWebApi", "CourseWebApi.csproj", "{84AD6F02-0635-4577-A0D6-45E0D73A38FD}"
EndProject
Global
	GlobalSection(SolutionConfigurationPlatforms) = preSolution
		Debug|Any CPU = Debug|Any CPU
		Release|Any CPU = Release|Any CPU
	EndGlobalSection
	GlobalSection(ProjectConfigurationPlatforms) = postSolution
		{84AD6F02-0635-4577-A0D6-45E0D73A38FD}.Debug|Any CPU.ActiveCfg = Debug|Any CPU
		{84AD6F02-0635-4577-A0D6-45E0D73A38FD}.Debug|Any CPU.Build.0 = Debug|Any CPU
		{84AD6F02-0635-4577-A0D6-45E0D73A38FD}.Release|Any CPU.ActiveCfg = Release|Any CPU
		{84AD6F02-0635-4577-A0D6-45E0D73A38FD}.Release|Any CPU.Build.0 = Release|Any CPU
	EndGlobalSection
	GlobalSection(SolutionProperties) = preSolution
		HideSolutionNode = FALSE
	EndGlobalSection
	GlobalSection(ExtensibilityGlobals) = postSolution
		SolutionGuid = {9DD60875-9AD4-4380-B157-9316351225B5}
	EndGlobalSection
EndGlobal
